
Microsoft Visual Studio Solution File, Format Version 12.00
# Visual Studio Version 16
VisualStudioVersion = 16.0.31005.135
MinimumVisualStudioVersion = 10.0.40219.1
Project("{FAE04EC0-301F-11D3-BF4B-00C04F79EFBC}") = "workday2Excel", "workday2Excel.csproj", "{9FCC46D3-2EB6-4944-8840-89E52AB893B0}"
EndProject
Global
	GlobalSection(SolutionConfigurationPlatforms) = preSolution
		Debug|Any CPU = Debug|Any CPU
		Release|Any CPU = Release|Any CPU
	EndGlobalSection
	GlobalSection(ProjectConfigurationPlatforms) = postSolution
		{9FCC46D3-2EB6-4944-8840-89E52AB893B0}.Debug|Any CPU.ActiveCfg = Debug|Any CPU
		{9FCC46D3-2EB6-4944-8840-89E52AB893B0}.Debug|Any CPU.Build.0 = Debug|Any CPU
		{9FCC46D3-2EB6-4944-8840-89E52AB893B0}.Release|Any CPU.ActiveCfg = Release|Any CPU
		{9FCC46D3-2EB6-4944-8840-89E52AB893B0}.Release|Any CPU.Build.0 = Release|Any CPU
	EndGlobalSection
	GlobalSection(SolutionProperties) = preSolution
		HideSolutionNode = FALSE
	EndGlobalSection
	GlobalSection(ExtensibilityGlobals) = postSolution
		SolutionGuid = {603C276A-5B03-4206-9291-D3A1A7E26249}
	EndGlobalSection
EndGlobal
